Microsoft Visual Studio Solution File, Format Version 12.00
# Visual Studio Version 17
VisualStudioVersion = 17.1.32328.378
MinimumVisualStudioVersion = 10.0.40219.1
Project("{9A19103F-16F7-4668-BE54-9A1E7A4F7556}") = "Qowaiv.CodeGeneration", "src\Qowaiv.CodeGeneration\Qowaiv.CodeGeneration.csproj", "{D7B2D09E-B5AF-481F-953A-99C6E2A7BE84}"
EndProject
Project("{2150E333-8FDC-42A3-9474-1A3956D46DE8}") = "specs", "specs", "{9FC998BC-71B3-4298-9160-AD89C82A407D}"
EndProject
Project("{9A19103F-16F7-4668-BE54-9A1E7A4F7556}") = "Qowaiv.CodeGeneration.SingleValueObjects", "src\Qowaiv.CodeGeneration.SingleValueObjects\Qowaiv.CodeGeneration.SingleValueObjects.csproj", "{3BDA3E33-D253-4AAC-B829-83A609BCD8C4}"
EndProject
Project("{9A19103F-16F7-4668-BE54-9A1E7A4F7556}") = "Qowaiv.CodeGeneration.OpenApi", "src\Qowaiv.CodeGeneration.OpenApi\Qowaiv.CodeGeneration.OpenApi.csproj", "{D03677DA-8E62-4A39-AC2F-1DF6B46FADF6}"
EndProject
Project("{9A19103F-16F7-4668-BE54-9A1E7A4F7556}") = "Qowaiv.CodeGeneration.Specs", "specs\Qowaiv.CodeGeneration.Specs\Qowaiv.CodeGeneration.Specs.csproj", "{89545131-D1B1-4FAE-82B4-4854FB479595}"
EndProject
Project("{FAE04EC0-301F-11D3-BF4B-00C04F79EFBC}") = "Qowaiv.OpenApi.DataAnnotations", "src\Qowaiv.OpenApi.DataAnnotations\Qowaiv.OpenApi.DataAnnotations.csproj", "{1EEFFDE6-D03A-48A1-BCD9-2BF492B5CCB6}"
EndProject
Project("{FAE04EC0-301F-11D3-BF4B-00C04F79EFBC}") = ".net", ".net.csproj", "{E811CC60-47D0-4096-83F2-127DF5ECE532}"
EndProject
Global
	GlobalSection(SolutionConfigurationPlatforms) = preSolution
		Debug|Any CPU = Debug|Any CPU
		Release|Any CPU = Release|Any CPU
	EndGlobalSection
	GlobalSection(ProjectConfigurationPlatforms) = postSolution
		{D7B2D09E-B5AF-481F-953A-99C6E2A7BE84}.Debug|Any CPU.ActiveCfg = Debug|Any CPU
		{D7B2D09E-B5AF-481F-953A-99C6E2A7BE84}.Debug|Any CPU.Build.0 = Debug|Any CPU
		{D7B2D09E-B5AF-481F-953A-99C6E2A7BE84}.Release|Any CPU.ActiveCfg = Release|Any CPU
		{D7B2D09E-B5AF-481F-953A-99C6E2A7BE84}.Release|Any CPU.Build.0 = Release|Any CPU
		{3BDA3E33-D253-4AAC-B829-83A609BCD8C4}.Debug|Any CPU.ActiveCfg = Debug|Any CPU
		{3BDA3E33-D253-4AAC-B829-83A609BCD8C4}.Debug|Any CPU.Build.0 = Debug|Any CPU
		{3BDA3E33-D253-4AAC-B829-83A609BCD8C4}.Release|Any CPU.ActiveCfg = Release|Any CPU
		{3BDA3E33-D253-4AAC-B829-83A609BCD8C4}.Release|Any CPU.Build.0 = Release|Any CPU
		{D03677DA-8E62-4A39-AC2F-1DF6B46FADF6}.Debug|Any CPU.ActiveCfg = Debug|Any CPU
		{D03677DA-8E62-4A39-AC2F-1DF6B46FADF6}.Debug|Any CPU.Build.0 = Debug|Any CPU
		{D03677DA-8E62-4A39-AC2F-1DF6B46FADF6}.Release|Any CPU.ActiveCfg = Release|Any CPU
		{D03677DA-8E62-4A39-AC2F-1DF6B46FADF6}.Release|Any CPU.Build.0 = Release|Any CPU
		{89545131-D1B1-4FAE-82B4-4854FB479595}.Debug|Any CPU.ActiveCfg = Debug|Any CPU
		{89545131-D1B1-4FAE-82B4-4854FB479595}.Debug|Any CPU.Build.0 = Debug|Any CPU
		{89545131-D1B1-4FAE-82B4-4854FB479595}.Release|Any CPU.ActiveCfg = Release|Any CPU
		{89545131-D1B1-4FAE-82B4-4854FB479595}.Release|Any CPU.Build.0 = Release|Any CPU
		{1EEFFDE6-D03A-48A1-BCD9-2BF492B5CCB6}.Debug|Any CPU.ActiveCfg = Debug|Any CPU
		{1EEFFDE6-D03A-48A1-BCD9-2BF492B5CCB6}.Debug|Any CPU.Build.0 = Debug|Any CPU
		{1EEFFDE6-D03A-48A1-BCD9-2BF492B5CCB6}.Release|Any CPU.ActiveCfg = Release|Any CPU
		{1EEFFDE6-D03A-48A1-BCD9-2BF492B5CCB6}.Release|Any CPU.Build.0 = Release|Any CPU
		{E811CC60-47D0-4096-83F2-127DF5ECE532}.Debug|Any CPU.ActiveCfg = Debug|Any CPU
		{E811CC60-47D0-4096-83F2-127DF5ECE532}.Debug|Any CPU.Build.0 = Debug|Any CPU
		{E811CC60-47D0-4096-83F2-127DF5ECE532}.Release|Any CPU.ActiveCfg = Release|Any CPU
		{E811CC60-47D0-4096-83F2-127DF5ECE532}.Release|Any CPU.Build.0 = Release|Any CPU
	EndGlobalSection
	GlobalSection(SolutionProperties) = preSolution
		HideSolutionNode = FALSE
	EndGlobalSection
	GlobalSection(NestedProjects) = preSolution
		{89545131-D1B1-4FAE-82B4-4854FB479595} = {9FC998BC-71B3-4298-9160-AD89C82A407D}
	EndGlobalSection
	GlobalSection(ExtensibilityGlobals) = postSolution
		SolutionGuid = {D7B1E843-44FB-453A-93BF-09607421A182}
	EndGlobalSection
EndGlobal
