
Microsoft Visual Studio Solution File, Format Version 12.00
# Visual Studio Version 17
VisualStudioVersion = 17.1.32328.378
MinimumVisualStudioVersion = 10.0.40219.1
Project("{9A19103F-16F7-4668-BE54-9A1E7A4F7556}") = "Qowaiv.OpenApi.Specs", "specs\Qowaiv.OpenApi.Specs\Qowaiv.OpenApi.Specs.csproj", "{5C6984F5-740A-4C28-942E-4B9910D506DE}"
EndProject
Project("{9A19103F-16F7-4668-BE54-9A1E7A4F7556}") = "Qowaiv.OpenApi", "src\Qowaiv.OpenApi\Qowaiv.OpenApi.csproj", "{F9B20B9C-937D-49E8-BD93-640AC47A5B21}"
EndProject
Global
	GlobalSection(SolutionConfigurationPlatforms) = preSolution
		Debug|Any CPU = Debug|Any CPU
		Release|Any CPU = Release|Any CPU
	EndGlobalSection
	GlobalSection(ProjectConfigurationPlatforms) = postSolution
		{5C6984F5-740A-4C28-942E-4B9910D506DE}.Debug|Any CPU.ActiveCfg = Debug|Any CPU
		{5C6984F5-740A-4C28-942E-4B9910D506DE}.Debug|Any CPU.Build.0 = Debug|Any CPU
		{5C6984F5-740A-4C28-942E-4B9910D506DE}.Release|Any CPU.ActiveCfg = Release|Any CPU
		{5C6984F5-740A-4C28-942E-4B9910D506DE}.Release|Any CPU.Build.0 = Release|Any CPU
		{F9B20B9C-937D-49E8-BD93-640AC47A5B21}.Debug|Any CPU.ActiveCfg = Debug|Any CPU
		{F9B20B9C-937D-49E8-BD93-640AC47A5B21}.Debug|Any CPU.Build.0 = Debug|Any CPU
		{F9B20B9C-937D-49E8-BD93-640AC47A5B21}.Release|Any CPU.ActiveCfg = Release|Any CPU
		{F9B20B9C-937D-49E8-BD93-640AC47A5B21}.Release|Any CPU.Build.0 = Release|Any CPU
	EndGlobalSection
	GlobalSection(SolutionProperties) = preSolution
		HideSolutionNode = FALSE
	EndGlobalSection
	GlobalSection(ExtensibilityGlobals) = postSolution
		SolutionGuid = {D7B1E843-44FB-453A-93BF-09607421A182}
	EndGlobalSection
EndGlobal
