
Microsoft Visual Studio Solution File, Format Version 12.00
# Visual Studio Version 17
VisualStudioVersion = 17.1.32328.378
MinimumVisualStudioVersion = 10.0.40219.1
Project("{9A19103F-16F7-4668-BE54-9A1E7A4F7556}") = "Qowaiv.OpenApi.Specs", "specs\Qowaiv.OpenApi.Specs\Qowaiv.OpenApi.Specs.csproj", "{5C6984F5-740A-4C28-942E-4B9910D506DE}"
EndProject
Project("{9A19103F-16F7-4668-BE54-9A1E7A4F7556}") = "Qowaiv.OpenApi", "src\Qowaiv.OpenApi\Qowaiv.OpenApi.csproj", "{F9B20B9C-937D-49E8-BD93-640AC47A5B21}"
EndProject
Project("{9A19103F-16F7-4668-BE54-9A1E7A4F7556}") = "Qowaiv.CodeGeneration", "src\Qowaiv.CodeGeneration\Qowaiv.CodeGeneration.csproj", "{9BB6860E-B1AB-49FD-9936-DED3835197A5}"
EndProject
Project("{FAE04EC0-301F-11D3-BF4B-00C04F79EFBC}") = "Qowaiv.CodeGeneration.New", "src\Qowaiv.CodeGeneration.New\Qowaiv.CodeGeneration.New.csproj", "{D7B2D09E-B5AF-481F-953A-99C6E2A7BE84}"
EndProject
Project("{FAE04EC0-301F-11D3-BF4B-00C04F79EFBC}") = "Qowaiv.CodeGeneration.Specs", "specs\Qowaiv.CodeGeneration.Specs\Qowaiv.CodeGeneration.Specs.csproj", "{10275478-1E52-4C16-97D2-AF143DAB5754}"
EndProject
Global
	GlobalSection(SolutionConfigurationPlatforms) = preSolution
		Debug|Any CPU = Debug|Any CPU
		Release|Any CPU = Release|Any CPU
	EndGlobalSection
	GlobalSection(ProjectConfigurationPlatforms) = postSolution
		{5C6984F5-740A-4C28-942E-4B9910D506DE}.Debug|Any CPU.ActiveCfg = Debug|Any CPU
		{5C6984F5-740A-4C28-942E-4B9910D506DE}.Debug|Any CPU.Build.0 = Debug|Any CPU
		{5C6984F5-740A-4C28-942E-4B9910D506DE}.Release|Any CPU.ActiveCfg = Release|Any CPU
		{5C6984F5-740A-4C28-942E-4B9910D506DE}.Release|Any CPU.Build.0 = Release|Any CPU
		{F9B20B9C-937D-49E8-BD93-640AC47A5B21}.Debug|Any CPU.ActiveCfg = Debug|Any CPU
		{F9B20B9C-937D-49E8-BD93-640AC47A5B21}.Debug|Any CPU.Build.0 = Debug|Any CPU
		{F9B20B9C-937D-49E8-BD93-640AC47A5B21}.Release|Any CPU.ActiveCfg = Release|Any CPU
		{F9B20B9C-937D-49E8-BD93-640AC47A5B21}.Release|Any CPU.Build.0 = Release|Any CPU
		{9BB6860E-B1AB-49FD-9936-DED3835197A5}.Debug|Any CPU.ActiveCfg = Debug|Any CPU
		{9BB6860E-B1AB-49FD-9936-DED3835197A5}.Debug|Any CPU.Build.0 = Debug|Any CPU
		{9BB6860E-B1AB-49FD-9936-DED3835197A5}.Release|Any CPU.ActiveCfg = Release|Any CPU
		{9BB6860E-B1AB-49FD-9936-DED3835197A5}.Release|Any CPU.Build.0 = Release|Any CPU
		{D7B2D09E-B5AF-481F-953A-99C6E2A7BE84}.Debug|Any CPU.ActiveCfg = Debug|Any CPU
		{D7B2D09E-B5AF-481F-953A-99C6E2A7BE84}.Debug|Any CPU.Build.0 = Debug|Any CPU
		{D7B2D09E-B5AF-481F-953A-99C6E2A7BE84}.Release|Any CPU.ActiveCfg = Release|Any CPU
		{D7B2D09E-B5AF-481F-953A-99C6E2A7BE84}.Release|Any CPU.Build.0 = Release|Any CPU
		{10275478-1E52-4C16-97D2-AF143DAB5754}.Debug|Any CPU.ActiveCfg = Debug|Any CPU
		{10275478-1E52-4C16-97D2-AF143DAB5754}.Debug|Any CPU.Build.0 = Debug|Any CPU
		{10275478-1E52-4C16-97D2-AF143DAB5754}.Release|Any CPU.ActiveCfg = Release|Any CPU
		{10275478-1E52-4C16-97D2-AF143DAB5754}.Release|Any CPU.Build.0 = Release|Any CPU
	EndGlobalSection
	GlobalSection(SolutionProperties) = preSolution
		HideSolutionNode = FALSE
	EndGlobalSection
	GlobalSection(ExtensibilityGlobals) = postSolution
		SolutionGuid = {D7B1E843-44FB-453A-93BF-09607421A182}
	EndGlobalSection
EndGlobal
